
Microsoft Visual Studio Solution File, Format Version 12.00
# Visual Studio 15
VisualStudioVersion = 15.0.26730.16
MinimumVisualStudioVersion = 10.0.40219.1
Project("{8BC9CEB8-8B4A-11D0-8D11-00A0C91BC942}") = "myRayTracer", "myRayTracer\myRayTracer.vcxproj", "{F64F69A6-8484-46CB-BABF-97E034CF3524}"
	ProjectSection(ProjectDependencies) = postProject
		{18826417-11F1-4DB8-84F5-542065A5D691} = {18826417-11F1-4DB8-84F5-542065A5D691}
		{95B251E8-AEA6-4335-8B49-AD8D77FFC369} = {95B251E8-AEA6-4335-8B49-AD8D77FFC369}
	EndProjectSection
EndProject
Project("{8BC9CEB8-8B4A-11D0-8D11-00A0C91BC942}") = "WJMath", "WJMath\WJMath.vcxproj", "{18826417-11F1-4DB8-84F5-542065A5D691}"
EndProject
Project("{8BC9CEB8-8B4A-11D0-8D11-00A0C91BC942}") = "WJGeometry", "WJGeometry\WJGeometry.vcxproj", "{95B251E8-AEA6-4335-8B49-AD8D77FFC369}"
	ProjectSection(ProjectDependencies) = postProject
		{18826417-11F1-4DB8-84F5-542065A5D691} = {18826417-11F1-4DB8-84F5-542065A5D691}
	EndProjectSection
EndProject
Global
	GlobalSection(SolutionConfigurationPlatforms) = preSolution
		Debug|x64 = Debug|x64
		Debug|x86 = Debug|x86
		Release|x64 = Release|x64
		Release|x86 = Release|x86
	EndGlobalSection
	GlobalSection(ProjectConfigurationPlatforms) = postSolution
		{F64F69A6-8484-46CB-BABF-97E034CF3524}.Debug|x64.ActiveCfg = Debug|x64
		{F64F69A6-8484-46CB-BABF-97E034CF3524}.Debug|x64.Build.0 = Debug|x64
		{F64F69A6-8484-46CB-BABF-97E034CF3524}.Debug|x86.ActiveCfg = Debug|Win32
		{F64F69A6-8484-46CB-BABF-97E034CF3524}.Debug|x86.Build.0 = Debug|Win32
		{F64F69A6-8484-46CB-BABF-97E034CF3524}.Release|x64.ActiveCfg = Release|x64
		{F64F69A6-8484-46CB-BABF-97E034CF3524}.Release|x64.Build.0 = Release|x64
		{F64F69A6-8484-46CB-BABF-97E034CF3524}.Release|x86.ActiveCfg = Release|Win32
		{F64F69A6-8484-46CB-BABF-97E034CF3524}.Release|x86.Build.0 = Release|Win32
		{18826417-11F1-4DB8-84F5-542065A5D691}.Debug|x64.ActiveCfg = Debug|x64
		{18826417-11F1-4DB8-84F5-542065A5D691}.Debug|x64.Build.0 = Debug|x64
		{18826417-11F1-4DB8-84F5-542065A5D691}.Debug|x86.ActiveCfg = Debug|Win32
		{18826417-11F1-4DB8-84F5-542065A5D691}.Debug|x86.Build.0 = Debug|Win32
		{18826417-11F1-4DB8-84F5-542065A5D691}.Release|x64.ActiveCfg = Release|x64
		{18826417-11F1-4DB8-84F5-542065A5D691}.Release|x64.Build.0 = Release|x64
		{18826417-11F1-4DB8-84F5-542065A5D691}.Release|x86.ActiveCfg = Release|Win32
		{18826417-11F1-4DB8-84F5-542065A5D691}.Release|x86.Build.0 = Release|Win32
		{95B251E8-AEA6-4335-8B49-AD8D77FFC369}.Debug|x64.ActiveCfg = Debug|x64
		{95B251E8-AEA6-4335-8B49-AD8D77FFC369}.Debug|x64.Build.0 = Debug|x64
		{95B251E8-AEA6-4335-8B49-AD8D77FFC369}.Debug|x86.ActiveCfg = Debug|Win32
		{95B251E8-AEA6-4335-8B49-AD8D77FFC369}.Debug|x86.Build.0 = Debug|Win32
		{95B251E8-AEA6-4335-8B49-AD8D77FFC369}.Release|x64.ActiveCfg = Release|x64
		{95B251E8-AEA6-4335-8B49-AD8D77FFC369}.Release|x64.Build.0 = Release|x64
		{95B251E8-AEA6-4335-8B49-AD8D77FFC369}.Release|x86.ActiveCfg = Release|Win32
		{95B251E8-AEA6-4335-8B49-AD8D77FFC369}.Release|x86.Build.0 = Release|Win32
	EndGlobalSection
	GlobalSection(SolutionProperties) = preSolution
		HideSolutionNode = FALSE
	EndGlobalSection
	GlobalSection(ExtensibilityGlobals) = postSolution
		SolutionGuid = {9A51DDFB-D30E-49A8-90B2-E798DBF61C3E}
	EndGlobalSection
EndGlobal
